version = 1
root_dependencies = ["@example/public"]

[registry]
url = "https://c52ab03624a1.ngrok-free.app"

[[package]]
key = "@example/posts"
type = "registry"
namespace = "@example"
name = "posts"
version = "fe9cb6e4344f4e07"
registry_url = "https://c52ab03624a1.ngrok-free.app"
tag = "dev"

[[package]]
key = "@example/public"
type = "registry"
namespace = "@example"
name = "public"
version = "458d5eb2af8fab1a"
registry_url = "https://c52ab03624a1.ngrok-free.app"
dependencies = [
    "@example/posts",
    "@example/supergraph",
    "@example/users",
]
tag = "dev"

[[package]]
key = "@example/supergraph"
type = "registry"
namespace = "@example"
name = "supergraph"
version = "6f2d530290b95682"
registry_url = "https://c52ab03624a1.ngrok-free.app"
dependencies = [
    "@example/posts",
    "@example/users",
]
tag = "dev"

[[package]]
key = "@example/users"
type = "registry"
namespace = "@example"
name = "users"
version = "d7d467575d89398f"
registry_url = "https://c52ab03624a1.ngrok-free.app"
tag = "dev"
