version = 1
root_dependencies = ["@example/public"]

[registry]
url = "https://c52ab03624a1.ngrok-free.app"

[[package]]
key = "@example/posts"
type = "registry"
namespace = "@example"
name = "posts"
version = "fe9cb6e4344f4e07"
registry_url = "https://c52ab03624a1.ngrok-free.app"
tag = "dev"

[[package]]
key = "@example/public"
type = "registry"
namespace = "@example"
name = "public"
version = "c96475275726e8e9"
registry_url = "https://c52ab03624a1.ngrok-free.app"
dependencies = [
    "@example/posts",
    "@example/supergraph",
    "@example/users",
]
tag = "dev"

[[package]]
key = "@example/supergraph"
type = "registry"
namespace = "@example"
name = "supergraph"
version = "908be57b7e07bc32"
registry_url = "https://c52ab03624a1.ngrok-free.app"
dependencies = [
    "@example/posts",
    "@example/users",
]
tag = "dev"

[[package]]
key = "@example/users"
type = "registry"
namespace = "@example"
name = "users"
version = "7f9bbae4be726146"
registry_url = "https://c52ab03624a1.ngrok-free.app"
tag = "dev"
