version = 1
root_dependencies = [
    "@example/posts",
    "@example/users",
]

[registry]
url = "https://c52ab03624a1.ngrok-free.app"

[[package]]
key = "@example/posts"
type = "registry"
namespace = "@example"
name = "posts"
version = "fe9cb6e4344f4e07"
registry_url = "https://c52ab03624a1.ngrok-free.app"
tag = "dev"

[[package]]
key = "@example/users"
type = "registry"
namespace = "@example"
name = "users"
version = "d7d467575d89398f"
registry_url = "https://c52ab03624a1.ngrok-free.app"
tag = "dev"
