version = 1
root_dependencies = [
    "@example/posts",
    "@example/users",
]

[registry]
url = "http://localhost:5150"

[[package]]
key = "@example/posts"
type = "registry"
namespace = "@example"
name = "posts"
version = "0.1.0"
registry_url = "http://localhost:5150"
tag = "dev"

[[package]]
key = "@example/users"
type = "registry"
namespace = "@example"
name = "users"
version = "0.2.0"
registry_url = "http://localhost:5150"
tag = "dev"
